{
    "_readme": [
        "This file locks the dependencies of your project to a known state",
        "Read more about it at http://getcomposer.org/doc/01-basic-usage.md#composer-lock-the-lock-file"
    ],
    "hash": "839983ff363a021c2c334da4223eca50",
    "packages": [
        {
            "name": "desarrolla2/cache",
            "version": "dev-master",
            "source": {
                "type": "git",
                "url": "https://github.com/desarrolla2/Cache.git",
                "reference": "b1a09cccdca39a6e0a3686b8a059659cdd125916"
            },
            "dist": {
                "type": "zip",
                "url": "https://api.github.com/repos/desarrolla2/Cache/zipball/b1a09cccdca39a6e0a3686b8a059659cdd125916",
                "reference": "b1a09cccdca39a6e0a3686b8a059659cdd125916",
                "shasum": ""
            },
            "require": {
                "php": ">=5.3.0"
            },
            "require-dev": {
                "predis/predis": "*",
                "raulfraile/ladybug": "v0.7",
                "symfony/yaml": "dev-master"
            },
            "type": "library",
            "autoload": {
                "psr-0": {
                    "Desarrolla2\\Cache\\": "src/"
                }
            },
            "notification-url": "https://packagist.org/downloads/",
            "license": [
                "MIT"
            ],
            "authors": [
                {
                    "name": "Daniel González",
                    "homepage": "http://desarrolla2.com/",
                    "role": "Developer"
                }
            ],
            "description": "Provides an cache interface for several adapters (Apc, File, Mongo, Memcached, Mysql, ... )",
            "homepage": "https://github.com/desarrolla2/Cache/blob/master/README.md",
            "keywords": [
                "apc",
                "cache",
                "file",
                "memcached",
                "mongo",
                "mysql",
                "redis"
            ],
            "time": "2013-10-07 20:14:38"
        },
        {
            "name": "gabordemooij/redbean",
            "version": "dev-master",
            "source": {
                "type": "git",
                "url": "https://github.com/gabordemooij/redbean.git",
                "reference": "41bb293e2bc744c150e4ae30e30fb5083e047f53"
            },
            "dist": {
                "type": "zip",
                "url": "https://api.github.com/repos/gabordemooij/redbean/zipball/41bb293e2bc744c150e4ae30e30fb5083e047f53",
                "reference": "41bb293e2bc744c150e4ae30e30fb5083e047f53",
                "shasum": ""
            },
            "require": {
                "php": ">=5.2.0"
            },
            "type": "library",
            "autoload": {
                "psr-0": {
                    "RedBean_": ""
                }
            },
            "notification-url": "https://packagist.org/downloads/",
            "license": [
                "BSD"
            ],
            "authors": [
                {
                    "name": "Gabor de Mooij",
                    "email": "gabordemooij@gmail.com",
                    "homepage": "http://www.redbeanphp.com",
                    "role": "Developer"
                }
            ],
            "description": "Easy ORM for PHP",
            "homepage": "http://github.com/gabordemooij/redbean",
            "keywords": [
                "Object Relational Mapping",
                "orm"
            ],
            "time": "2013-10-30 22:13:02"
        },
        {
            "name": "jyggen/curl",
            "version": "dev-master",
            "source": {
                "type": "git",
                "url": "https://github.com/jyggen/curl.git",
                "reference": "6ff247fd855e80e50baf67f6147c62e5bff42c4f"
            },
            "dist": {
                "type": "zip",
                "url": "https://api.github.com/repos/jyggen/curl/zipball/6ff247fd855e80e50baf67f6147c62e5bff42c4f",
                "reference": "6ff247fd855e80e50baf67f6147c62e5bff42c4f",
                "shasum": ""
            },
            "require": {
                "ext-curl": "*",
                "php": ">=5.3.0",
                "symfony/http-foundation": "~2.0"
            },
            "require-dev": {
                "mockery/mockery": "dev-master"
            },
            "type": "library",
            "extra": {
                "branch-alias": {
                    "dev-master": "3.1-dev"
                }
            },
            "autoload": {
                "psr-0": {
                    "jyggen\\Curl": "lib/"
                }
            },
            "notification-url": "https://packagist.org/downloads/",
            "license": [
                "MIT"
            ],
            "authors": [
                {
                    "name": "Jonas Stendahl",
                    "email": "jonas.stendahl@gmail.com"
                }
            ],
            "description": "A simple and lightweight cURL library with support for multiple requests in parallel.",
            "homepage": "http://docs.jyggen.com/curl",
            "keywords": [
                "Multi-thread",
                "bot",
                "curl",
                "http",
                "laravel",
                "parallel",
                "spider"
            ],
            "time": "2013-08-21 11:59:16"
        },
        {
            "name": "phpmailer/phpmailer",
            "version": "v5.2.7",
            "source": {
                "type": "git",
                "url": "https://github.com/PHPMailer/PHPMailer.git",
                "reference": "8717a79565b2c0ed67f851d70e1949febdf3b226"
            },
            "dist": {
                "type": "zip",
                "url": "https://api.github.com/repos/PHPMailer/PHPMailer/zipball/8717a79565b2c0ed67f851d70e1949febdf3b226",
                "reference": "8717a79565b2c0ed67f851d70e1949febdf3b226",
                "shasum": ""
            },
            "require": {
                "php": ">=5.0.0"
            },
            "require-dev": {
                "phpdocumentor/phpdocumentor": "*",
                "phpunit/phpunit": "*"
            },
            "type": "library",
            "autoload": {
                "classmap": [
                    "class.phpmailer.php",
                    "class.pop3.php",
                    "class.smtp.php"
                ]
            },
            "notification-url": "https://packagist.org/downloads/",
            "license": [
                "LGPL-2.1"
            ],
            "authors": [
                {
                    "name": "Jim Jagielski",
                    "email": "jimjag@gmail.com"
                },
                {
                    "name": "Marcus Bointon",
                    "email": "phpmailer@synchromedia.co.uk"
                },
                {
                    "name": "Andy Prevost",
                    "email": "codeworxtech@users.sourceforge.net"
                },
                {
                    "name": "Brent R. Matzelle"
                }
            ],
            "description": "PHPMailer is a full-featured email creation and transfer class for PHP",
            "time": "2013-09-12 07:52:38"
        },
        {
            "name": "slim/extras",
            "version": "2.0.3",
            "target-dir": "Slim/Extras",
            "source": {
                "type": "git",
                "url": "https://github.com/codeguy/Slim-Extras.git",
                "reference": "2.0.3"
            },
            "dist": {
                "type": "zip",
                "url": "https://api.github.com/repos/codeguy/Slim-Extras/zipball/2.0.3",
                "reference": "2.0.3",
                "shasum": ""
            },
            "require": {
                "php": ">=5.3.0",
                "slim/slim": ">=2.0.0"
            },
            "type": "library",
            "autoload": {
                "psr-0": {
                    "Twig_Extensions_": "Views/Extension/",
                    "Slim\\Extras": "."
                }
            },
            "notification-url": "https://packagist.org/downloads/",
            "license": [
                "MIT"
            ],
            "authors": [
                {
                    "name": "Andrew Smith",
                    "email": "a.smith@silentworks.co.uk",
                    "homepage": "http://thoughts.silentworks.co.uk/"
                },
                {
                    "name": "Josh Lockhart",
                    "email": "info@joshlockhart.com",
                    "homepage": "http://www.joshlockhart.com/"
                }
            ],
            "description": "Extras package for the Slim Framework",
            "homepage": "http://github.com/codeguy/Slim-Extras",
            "keywords": [
                "extensions",
                "middleware",
                "templating"
            ],
            "time": "2013-01-07 17:56:10"
        },
        {
            "name": "slim/slim",
            "version": "2.2.0",
            "source": {
                "type": "git",
                "url": "https://github.com/codeguy/Slim",
                "reference": "2.2.0"
            },
            "dist": {
                "type": "zip",
                "url": "https://github.com/codeguy/Slim/archive/2.2.0.zip",
                "reference": "2.2.0",
                "shasum": ""
            },
            "require": {
                "php": ">=5.3.0"
            },
            "type": "library",
            "autoload": {
                "psr-0": {
                    "Slim": "."
                }
            },
            "notification-url": "https://packagist.org/downloads/",
            "license": [
                "MIT"
            ],
            "authors": [
                {
                    "name": "Josh Lockhart",
                    "email": "info@joshlockhart.com",
                    "homepage": "http://www.joshlockhart.com/"
                }
            ],
            "description": "Slim Framework, a PHP micro framework",
            "homepage": "http://github.com/codeguy/Slim",
            "keywords": [
                "microframework",
                "rest",
                "router"
            ],
            "time": "2012-12-13 02:15:50"
        },
        {
            "name": "symfony/http-foundation",
            "version": "v2.3.6",
            "target-dir": "Symfony/Component/HttpFoundation",
            "source": {
                "type": "git",
                "url": "https://github.com/symfony/HttpFoundation.git",
                "reference": "59e712338cd05463ebcb8da6422a01b1291871e3"
            },
            "dist": {
                "type": "zip",
                "url": "https://api.github.com/repos/symfony/HttpFoundation/zipball/59e712338cd05463ebcb8da6422a01b1291871e3",
                "reference": "59e712338cd05463ebcb8da6422a01b1291871e3",
                "shasum": ""
            },
            "require": {
                "php": ">=5.3.3"
            },
            "type": "library",
            "extra": {
                "branch-alias": {
                    "dev-master": "2.3-dev"
                }
            },
            "autoload": {
                "psr-0": {
                    "Symfony\\Component\\HttpFoundation\\": ""
                },
                "classmap": [
                    "Symfony/Component/HttpFoundation/Resources/stubs"
                ]
            },
            "notification-url": "https://packagist.org/downloads/",
            "license": [
                "MIT"
            ],
            "authors": [
                {
                    "name": "Fabien Potencier",
                    "email": "fabien@symfony.com"
                },
                {
                    "name": "Symfony Community",
                    "homepage": "http://symfony.com/contributors"
                }
            ],
            "description": "Symfony HttpFoundation Component",
            "homepage": "http://symfony.com",
            "time": "2013-09-29 19:41:41"
        },
        {
            "name": "twig/twig",
            "version": "v1.14.2",
            "source": {
                "type": "git",
                "url": "https://github.com/fabpot/Twig.git",
                "reference": "ca445842fcea4f844d68203ffa2d00f5e3cdea64"
            },
            "dist": {
                "type": "zip",
                "url": "https://api.github.com/repos/fabpot/Twig/zipball/ca445842fcea4f844d68203ffa2d00f5e3cdea64",
                "reference": "ca445842fcea4f844d68203ffa2d00f5e3cdea64",
                "shasum": ""
            },
            "require": {
                "php": ">=5.2.4"
            },
            "type": "library",
            "extra": {
                "branch-alias": {
                    "dev-master": "1.14-dev"
                }
            },
            "autoload": {
                "psr-0": {
                    "Twig_": "lib/"
                }
            },
            "notification-url": "https://packagist.org/downloads/",
            "license": [
                "BSD-3-Clause"
            ],
            "authors": [
                {
                    "name": "Fabien Potencier",
                    "email": "fabien@symfony.com"
                },
                {
                    "name": "Armin Ronacher",
                    "email": "armin.ronacher@active-4.com"
                }
            ],
            "description": "Twig, the flexible, fast, and secure template language for PHP",
            "homepage": "http://twig.sensiolabs.org",
            "keywords": [
                "templating"
            ],
            "time": "2013-10-30 08:20:53"
        }
    ],
    "packages-dev": [

    ],
    "aliases": [

    ],
    "minimum-stability": "stable",
    "stability-flags": {
        "gabordemooij/redbean": 20,
        "jyggen/curl": 20,
        "desarrolla2/cache": 20
    },
    "platform": [

    ],
    "platform-dev": [

    ]
}
